
Microsoft Visual Studio Solution File, Format Version 12.00
# Visual Studio Version 16
VisualStudioVersion = 16.0.30717.126
MinimumVisualStudioVersion = 10.0.40219.1
Project("{9A19103F-16F7-4668-BE54-9A1E7A4F7556}") = "ShopUI", "Shop\ShopUI.csproj", "{3A2F6313-1F8C-4EBF-B4E2-E5F186E2C90D}"
EndProject
Project("{9A19103F-16F7-4668-BE54-9A1E7A4F7556}") = "Shop.Domain", "Shop.Domain\Shop.Domain.csproj", "{2167678D-2A62-44C2-8026-109AAAC0377A}"
EndProject
Project("{9A19103F-16F7-4668-BE54-9A1E7A4F7556}") = "Shop.Application", "Shop.Application\Shop.Application.csproj", "{840B027C-F029-4A19-B62F-FD8E7DE5A764}"
EndProject
Project("{9A19103F-16F7-4668-BE54-9A1E7A4F7556}") = "Shop.Database", "Shop.Database\Shop.Database.csproj", "{6EB61187-0AA1-4E06-8FB6-3ADDEC484385}"
EndProject
Global
	GlobalSection(SolutionConfigurationPlatforms) = preSolution
		Debug|Any CPU = Debug|Any CPU
		Release|Any CPU = Release|Any CPU
	EndGlobalSection
	GlobalSection(ProjectConfigurationPlatforms) = postSolution
		{3A2F6313-1F8C-4EBF-B4E2-E5F186E2C90D}.Debug|Any CPU.ActiveCfg = Debug|Any CPU
		{3A2F6313-1F8C-4EBF-B4E2-E5F186E2C90D}.Debug|Any CPU.Build.0 = Debug|Any CPU
		{3A2F6313-1F8C-4EBF-B4E2-E5F186E2C90D}.Release|Any CPU.ActiveCfg = Release|Any CPU
		{3A2F6313-1F8C-4EBF-B4E2-E5F186E2C90D}.Release|Any CPU.Build.0 = Release|Any CPU
		{2167678D-2A62-44C2-8026-109AAAC0377A}.Debug|Any CPU.ActiveCfg = Debug|Any CPU
		{2167678D-2A62-44C2-8026-109AAAC0377A}.Debug|Any CPU.Build.0 = Debug|Any CPU
		{2167678D-2A62-44C2-8026-109AAAC0377A}.Release|Any CPU.ActiveCfg = Release|Any CPU
		{2167678D-2A62-44C2-8026-109AAAC0377A}.Release|Any CPU.Build.0 = Release|Any CPU
		{840B027C-F029-4A19-B62F-FD8E7DE5A764}.Debug|Any CPU.ActiveCfg = Debug|Any CPU
		{840B027C-F029-4A19-B62F-FD8E7DE5A764}.Debug|Any CPU.Build.0 = Debug|Any CPU
		{840B027C-F029-4A19-B62F-FD8E7DE5A764}.Release|Any CPU.ActiveCfg = Release|Any CPU
		{840B027C-F029-4A19-B62F-FD8E7DE5A764}.Release|Any CPU.Build.0 = Release|Any CPU
		{6EB61187-0AA1-4E06-8FB6-3ADDEC484385}.Debug|Any CPU.ActiveCfg = Debug|Any CPU
		{6EB61187-0AA1-4E06-8FB6-3ADDEC484385}.Debug|Any CPU.Build.0 = Debug|Any CPU
		{6EB61187-0AA1-4E06-8FB6-3ADDEC484385}.Release|Any CPU.ActiveCfg = Release|Any CPU
		{6EB61187-0AA1-4E06-8FB6-3ADDEC484385}.Release|Any CPU.Build.0 = Release|Any CPU
	EndGlobalSection
	GlobalSection(SolutionProperties) = preSolution
		HideSolutionNode = FALSE
	EndGlobalSection
	GlobalSection(ExtensibilityGlobals) = postSolution
		SolutionGuid = {E571FA3B-340E-4ECD-9B48-D43833CB6ECB}
	EndGlobalSection
EndGlobal
